// !$*UTF8*$!
{
	archiveVersion = 1;
	classes = {
	};
	objectVersion = 50;
	objects = {

/* Begin PBXBuildFile section */
		0951891A27EB931000CE5EAA /* Genre.m in Sources */ = {isa = PBXBuildFile; fileRef = 0951891427EB931000CE5EAA /* Genre.m */; };
		0951891B27EB931000CE5EAA /* Parser.m in Sources */ = {isa = PBXBuildFile; fileRef = 0951891627EB931000CE5EAA /* Parser.m */; };
		0951891C27EB931000CE5EAA /* Movie.m in Sources */ = {isa = PBXBuildFile; fileRef = 0951891827EB931000CE5EAA /* Movie.m */; };
		0951892027EB932200CE5EAA /* MovieAPI.m in Sources */ = {isa = PBXBuildFile; fileRef = 0951891F27EB932200CE5EAA /* MovieAPI.m */; };
		0951892227EB93C000CE5EAA /* MovieService.swift in Sources */ = {isa = PBXBuildFile; fileRef = 0951892127EB93C000CE5EAA /* MovieService.swift */; };
		09CAD7EF268F837900B9929D /* TableViewCell.swift in Sources */ = {isa = PBXBuildFile; fileRef = 09CAD7EE268F837900B9929D /* TableViewCell.swift */; };
		09CAD7F1268F9A1900B9929D /* DetailsViewController.swift in Sources */ = {isa = PBXBuildFile; fileRef = 09CAD7F0268F9A1900B9929D /* DetailsViewController.swift */; };
		09CAD7F3268F9A3D00B9929D /* DetailsTableViewCell.swift in Sources */ = {isa = PBXBuildFile; fileRef = 09CAD7F2268F9A3D00B9929D /* DetailsTableViewCell.swift */; };
		553F78BF268E3B7400125497 /* AppDelegate.swift in Sources */ = {isa = PBXBuildFile; fileRef = 553F78BE268E3B7400125497 /* AppDelegate.swift */; };
		553F78C1268E3B7400125497 /* SceneDelegate.swift in Sources */ = {isa = PBXBuildFile; fileRef = 553F78C0268E3B7400125497 /* SceneDelegate.swift */; };
		553F78C3268E3B7400125497 /* ViewController.swift in Sources */ = {isa = PBXBuildFile; fileRef = 553F78C2268E3B7400125497 /* ViewController.swift */; };
		553F78C6268E3B7400125497 /* Main.storyboard in Resources */ = {isa = PBXBuildFile; fileRef = 553F78C4268E3B7400125497 /* Main.storyboard */; };
		553F78C8268E3B7500125497 /* Assets.xcassets in Resources */ = {isa = PBXBuildFile; fileRef = 553F78C7268E3B7500125497 /* Assets.xcassets */; };
		553F78CB268E3B7500125497 /* LaunchScreen.storyboard in Resources */ = {isa = PBXBuildFile; fileRef = 553F78C9268E3B7500125497 /* LaunchScreen.storyboard */; };
/* End PBXBuildFile section */

/* Begin PBXFileReference section */
		0951891327EB931000CE5EAA /* Web Consuming-Bridging-Header.h */ = {isa = PBXFileReference; lastKnownFileType = sourcecode.c.h; path = "Web Consuming-Bridging-Header.h"; sourceTree = "<group>"; };
		0951891427EB931000CE5EAA /* Genre.m */ = {isa = PBXFileReference; fileEncoding = 4; lastKnownFileType = sourcecode.c.objc; path = Genre.m; sourceTree = "<group>"; };
		0951891527EB931000CE5EAA /* Parser.h */ = {isa = PBXFileReference; fileEncoding = 4; lastKnownFileType = sourcecode.c.h; path = Parser.h; sourceTree = "<group>"; };
		0951891627EB931000CE5EAA /* Parser.m */ = {isa = PBXFileReference; fileEncoding = 4; lastKnownFileType = sourcecode.c.objc; path = Parser.m; sourceTree = "<group>"; };
		0951891727EB931000CE5EAA /* Movie.h */ = {isa = PBXFileReference; fileEncoding = 4; lastKnownFileType = sourcecode.c.h; path = Movie.h; sourceTree = "<group>"; };
		0951891827EB931000CE5EAA /* Movie.m */ = {isa = PBXFileReference; fileEncoding = 4; lastKnownFileType = sourcecode.c.objc; path = Movie.m; sourceTree = "<group>"; };
		0951891927EB931000CE5EAA /* Genre.h */ = {isa = PBXFileReference; fileEncoding = 4; lastKnownFileType = sourcecode.c.h; path = Genre.h; sourceTree = "<group>"; };
		0951891D27EB932200CE5EAA /* MovieAPIDelegate.h */ = {isa = PBXFileReference; fileEncoding = 4; lastKnownFileType = sourcecode.c.h; path = MovieAPIDelegate.h; sourceTree = "<group>"; };
		0951891E27EB932200CE5EAA /* MovieAPI.h */ = {isa = PBXFileReference; fileEncoding = 4; lastKnownFileType = sourcecode.c.h; path = MovieAPI.h; sourceTree = "<group>"; };
		0951891F27EB932200CE5EAA /* MovieAPI.m */ = {isa = PBXFileReference; fileEncoding = 4; lastKnownFileType = sourcecode.c.objc; path = MovieAPI.m; sourceTree = "<group>"; };
		0951892127EB93C000CE5EAA /* MovieService.swift */ = {isa = PBXFileReference; lastKnownFileType = sourcecode.swift; path = MovieService.swift; sourceTree = "<group>"; };
		09CAD7EE268F837900B9929D /* TableViewCell.swift */ = {isa = PBXFileReference; lastKnownFileType = sourcecode.swift; path = TableViewCell.swift; sourceTree = "<group>"; };
		09CAD7F0268F9A1900B9929D /* DetailsViewController.swift */ = {isa = PBXFileReference; lastKnownFileType = sourcecode.swift; path = DetailsViewController.swift; sourceTree = "<group>"; };
		09CAD7F2268F9A3D00B9929D /* DetailsTableViewCell.swift */ = {isa = PBXFileReference; lastKnownFileType = sourcecode.swift; path = DetailsTableViewCell.swift; sourceTree = "<group>"; };
		553F78BB268E3B7400125497 /* Web Consuming.app */ = {isa = PBXFileReference; explicitFileType = wrapper.application; includeInIndex = 0; path = "Web Consuming.app"; sourceTree = BUILT_PRODUCTS_DIR; };
		553F78BE268E3B7400125497 /* AppDelegate.swift */ = {isa = PBXFileReference; lastKnownFileType = sourcecode.swift; path = AppDelegate.swift; sourceTree = "<group>"; };
		553F78C0268E3B7400125497 /* SceneDelegate.swift */ = {isa = PBXFileReference; lastKnownFileType = sourcecode.swift; path = SceneDelegate.swift; sourceTree = "<group>"; };
		553F78C2268E3B7400125497 /* ViewController.swift */ = {isa = PBXFileReference; lastKnownFileType = sourcecode.swift; path = ViewController.swift; sourceTree = "<group>"; };
		553F78C5268E3B7400125497 /* Base */ = {isa = PBXFileReference; lastKnownFileType = file.storyboard; name = Base; path = Base.lproj/Main.storyboard; sourceTree = "<group>"; };
		553F78C7268E3B7500125497 /* Assets.xcassets */ = {isa = PBXFileReference; lastKnownFileType = folder.assetcatalog; path = Assets.xcassets; sourceTree = "<group>"; };
		553F78CA268E3B7500125497 /* Base */ = {isa = PBXFileReference; lastKnownFileType = file.storyboard; name = Base; path = Base.lproj/LaunchScreen.storyboard; sourceTree = "<group>"; };
		553F78CC268E3B7500125497 /* Info.plist */ = {isa = PBXFileReference; lastKnownFileType = text.plist.xml; path = Info.plist; sourceTree = "<group>"; };
/* End PBXFileReference section */

/* Begin PBXFrameworksBuildPhase section */
		553F78B8268E3B7400125497 /* Frameworks */ = {
			isa = PBXFrameworksBuildPhase;
			buildActionMask = 2147483647;
			files = (
			);
			runOnlyForDeploymentPostprocessing = 0;
		};
/* End PBXFrameworksBuildPhase section */

/* Begin PBXGroup section */
		0951891227EB92D500CE5EAA /* Legacy */ = {
			isa = PBXGroup;
			children = (
				0951891E27EB932200CE5EAA /* MovieAPI.h */,
				0951891F27EB932200CE5EAA /* MovieAPI.m */,
				0951891D27EB932200CE5EAA /* MovieAPIDelegate.h */,
				0951891927EB931000CE5EAA /* Genre.h */,
				0951891427EB931000CE5EAA /* Genre.m */,
				0951891727EB931000CE5EAA /* Movie.h */,
				0951891827EB931000CE5EAA /* Movie.m */,
				0951891527EB931000CE5EAA /* Parser.h */,
				0951891627EB931000CE5EAA /* Parser.m */,
				0951891327EB931000CE5EAA /* Web Consuming-Bridging-Header.h */,
			);
			path = Legacy;
			sourceTree = "<group>";
		};
		0951892327EB93D000CE5EAA /* Movies */ = {
			isa = PBXGroup;
			children = (
				553F78C2268E3B7400125497 /* ViewController.swift */,
				09CAD7EE268F837900B9929D /* TableViewCell.swift */,
			);
			path = Movies;
			sourceTree = "<group>";
		};
		0951892427EB93D700CE5EAA /* Details */ = {
			isa = PBXGroup;
			children = (
				09CAD7F0268F9A1900B9929D /* DetailsViewController.swift */,
				09CAD7F2268F9A3D00B9929D /* DetailsTableViewCell.swift */,
			);
			path = Details;
			sourceTree = "<group>";
		};
		09A603FC27E8F81C005EC985 /* View */ = {
			isa = PBXGroup;
			children = (
				0951892327EB93D000CE5EAA /* Movies */,
				0951892427EB93D700CE5EAA /* Details */,
				553F78C4268E3B7400125497 /* Main.storyboard */,
			);
			path = View;
			sourceTree = "<group>";
		};
		553F78B2268E3B7400125497 = {
			isa = PBXGroup;
			children = (
				553F78BD268E3B7400125497 /* Web Consuming */,
				553F78BC268E3B7400125497 /* Products */,
			);
			sourceTree = "<group>";
		};
		553F78BC268E3B7400125497 /* Products */ = {
			isa = PBXGroup;
			children = (
				553F78BB268E3B7400125497 /* Web Consuming.app */,
			);
			name = Products;
			sourceTree = "<group>";
		};
		553F78BD268E3B7400125497 /* Web Consuming */ = {
			isa = PBXGroup;
			children = (
				553F78BE268E3B7400125497 /* AppDelegate.swift */,
				553F78C0268E3B7400125497 /* SceneDelegate.swift */,
				0951892127EB93C000CE5EAA /* MovieService.swift */,
				0951891227EB92D500CE5EAA /* Legacy */,
				09A603FC27E8F81C005EC985 /* View */,
				553F78C7268E3B7500125497 /* Assets.xcassets */,
				553F78C9268E3B7500125497 /* LaunchScreen.storyboard */,
				553F78CC268E3B7500125497 /* Info.plist */,
			);
			path = "Web Consuming";
			sourceTree = "<group>";
		};
/* End PBXGroup section */

/* Begin PBXNativeTarget section */
		553F78BA268E3B7400125497 /* Web Consuming */ = {
			isa = PBXNativeTarget;
			buildConfigurationList = 553F78CF268E3B7500125497 /* Build configuration list for PBXNativeTarget "Web Consuming" */;
			buildPhases = (
				553F78B7268E3B7400125497 /* Sources */,
				553F78B8268E3B7400125497 /* Frameworks */,
				553F78B9268E3B7400125497 /* Resources */,
			);
			buildRules = (
			);
			dependencies = (
			);
			name = "Web Consuming";
			productName = "Web Consuming";
			productReference = 553F78BB268E3B7400125497 /* Web Consuming.app */;
			productType = "com.apple.product-type.application";
		};
/* End PBXNativeTarget section */

/* Begin PBXProject section */
		553F78B3268E3B7400125497 /* Project object */ = {
			isa = PBXProject;
			attributes = {
				LastSwiftUpdateCheck = 1250;
				LastUpgradeCheck = 1250;
				TargetAttributes = {
					553F78BA268E3B7400125497 = {
						CreatedOnToolsVersion = 12.5.1;
						LastSwiftMigration = 1330;
					};
				};
			};
			buildConfigurationList = 553F78B6268E3B7400125497 /* Build configuration list for PBXProject "Web Consuming" */;
			compatibilityVersion = "Xcode 9.3";
			developmentRegion = en;
			hasScannedForEncodings = 0;
			knownRegions = (
				en,
				Base,
			);
			mainGroup = 553F78B2268E3B7400125497;
			productRefGroup = 553F78BC268E3B7400125497 /* Products */;
			projectDirPath = "";
			projectRoot = "";
			targets = (
				553F78BA268E3B7400125497 /* Web Consuming */,
			);
		};
/* End PBXProject section */

/* Begin PBXResourcesBuildPhase section */
		553F78B9268E3B7400125497 /* Resources */ = {
			isa = PBXResourcesBuildPhase;
			buildActionMask = 2147483647;
			files = (
				553F78CB268E3B7500125497 /* LaunchScreen.storyboard in Resources */,
				553F78C8268E3B7500125497 /* Assets.xcassets in Resources */,
				553F78C6268E3B7400125497 /* Main.storyboard in Resources */,
			);
			runOnlyForDeploymentPostprocessing = 0;
		};
/* End PBXResourcesBuildPhase section */

/* Begin PBXSourcesBuildPhase section */
		553F78B7268E3B7400125497 /* Sources */ = {
			isa = PBXSourcesBuildPhase;
			buildActionMask = 2147483647;
			files = (
				0951891B27EB931000CE5EAA /* Parser.m in Sources */,
				553F78C3268E3B7400125497 /* ViewController.swift in Sources */,
				09CAD7EF268F837900B9929D /* TableViewCell.swift in Sources */,
				0951892027EB932200CE5EAA /* MovieAPI.m in Sources */,
				09CAD7F3268F9A3D00B9929D /* DetailsTableViewCell.swift in Sources */,
				09CAD7F1268F9A1900B9929D /* DetailsViewController.swift in Sources */,
				0951891C27EB931000CE5EAA /* Movie.m in Sources */,
				553F78BF268E3B7400125497 /* AppDelegate.swift in Sources */,
				0951891A27EB931000CE5EAA /* Genre.m in Sources */,
				553F78C1268E3B7400125497 /* SceneDelegate.swift in Sources */,
				0951892227EB93C000CE5EAA /* MovieService.swift in Sources */,
			);
			runOnlyForDeploymentPostprocessing = 0;
		};
/* End PBXSourcesBuildPhase section */

/* Begin PBXVariantGroup section */
		553F78C4268E3B7400125497 /* Main.storyboard */ = {
			isa = PBXVariantGroup;
			children = (
				553F78C5268E3B7400125497 /* Base */,
			);
			name = Main.storyboard;
			sourceTree = "<group>";
		};
		553F78C9268E3B7500125497 /* LaunchScreen.storyboard */ = {
			isa = PBXVariantGroup;
			children = (
				553F78CA268E3B7500125497 /* Base */,
			);
			name = LaunchScreen.storyboard;
			sourceTree = "<group>";
		};
/* End PBXVariantGroup section */

/* Begin XCBuildConfiguration section */
		553F78CD268E3B7500125497 /* Debug */ = {
			isa = XCBuildConfiguration;
			buildSettings = {
				ALWAYS_SEARCH_USER_PATHS = NO;
				CLANG_ANALYZER_NONNULL = YES;
				CLANG_ANALYZER_NUMBER_OBJECT_CONVERSION = YES_AGGRESSIVE;
				CLANG_CXX_LANGUAGE_STANDARD = "gnu++14";
				CLANG_CXX_LIBRARY = "libc++";
				CLANG_ENABLE_MODULES = YES;
				CLANG_ENABLE_OBJC_ARC = YES;
				CLANG_ENABLE_OBJC_WEAK = YES;
				CLANG_WARN_BLOCK_CAPTURE_AUTORELEASING = YES;
				CLANG_WARN_BOOL_CONVERSION = YES;
				CLANG_WARN_COMMA = YES;
				CLANG_WARN_CONSTANT_CONVERSION = YES;
				CLANG_WARN_DEPRECATED_OBJC_IMPLEMENTATIONS = YES;
				CLANG_WARN_DIRECT_OBJC_ISA_USAGE = YES_ERROR;
				CLANG_WARN_DOCUMENTATION_COMMENTS = YES;
				CLANG_WARN_EMPTY_BODY = YES;
				CLANG_WARN_ENUM_CONVERSION = YES;
				CLANG_WARN_INFINITE_RECURSION = YES;
				CLANG_WARN_INT_CONVERSION = YES;
				CLANG_WARN_NON_LITERAL_NULL_CONVERSION = YES;
				CLANG_WARN_OBJC_IMPLICIT_RETAIN_SELF = YES;
				CLANG_WARN_OBJC_LITERAL_CONVERSION = YES;
				CLANG_WARN_OBJC_ROOT_CLASS = YES_ERROR;
				CLANG_WARN_QUOTED_INCLUDE_IN_FRAMEWORK_HEADER = YES;
				CLANG_WARN_RANGE_LOOP_ANALYSIS = YES;
				CLANG_WARN_STRICT_PROTOTYPES = YES;
				CLANG_WARN_SUSPICIOUS_MOVE = YES;
				CLANG_WARN_UNGUARDED_AVAILABILITY = YES_AGGRESSIVE;
				CLANG_WARN_UNREACHABLE_CODE = YES;
				CLANG_WARN__DUPLICATE_METHOD_MATCH = YES;
				COPY_PHASE_STRIP = NO;
				DEBUG_INFORMATION_FORMAT = dwarf;
				ENABLE_STRICT_OBJC_MSGSEND = YES;
				ENABLE_TESTABILITY = YES;
				GCC_C_LANGUAGE_STANDARD = gnu11;
				GCC_DYNAMIC_NO_PIC = NO;
				GCC_NO_COMMON_BLOCKS = YES;
				GCC_OPTIMIZATION_LEVEL = 0;
				GCC_PREPROCESSOR_DEFINITIONS = (
					"DEBUG=1",
					"$(inherited)",
				);
				GCC_WARN_64_TO_32_BIT_CONVERSION = YES;
				GCC_WARN_ABOUT_RETURN_TYPE = YES_ERROR;
				GCC_WARN_UNDECLARED_SELECTOR = YES;
				GCC_WARN_UNINITIALIZED_AUTOS = YES_AGGRESSIVE;
				GCC_WARN_UNUSED_FUNCTION = YES;
				GCC_WARN_UNUSED_VARIABLE = YES;
				IPHONEOS_DEPLOYMENT_TARGET = 14.5;
				MTL_ENABLE_DEBUG_INFO = INCLUDE_SOURCE;
				MTL_FAST_MATH = YES;
				ONLY_ACTIVE_ARCH = YES;
				SDKROOT = iphoneos;
				SWIFT_ACTIVE_COMPILATION_CONDITIONS = DEBUG;
				SWIFT_OPTIMIZATION_LEVEL = "-Onone";
			};
			name = Debug;
		};
		553F78CE268E3B7500125497 /* Release */ = {
			isa = XCBuildConfiguration;
			buildSettings = {
				ALWAYS_SEARCH_USER_PATHS = NO;
				CLANG_ANALYZER_NONNULL = YES;
				CLANG_ANALYZER_NUMBER_OBJECT_CONVERSION = YES_AGGRESSIVE;
				CLANG_CXX_LANGUAGE_STANDARD = "gnu++14";
				CLANG_CXX_LIBRARY = "libc++";
				CLANG_ENABLE_MODULES = YES;
				CLANG_ENABLE_OBJC_ARC = YES;
				CLANG_ENABLE_OBJC_WEAK = YES;
				CLANG_WARN_BLOCK_CAPTURE_AUTORELEASING = YES;
				CLANG_WARN_BOOL_CONVERSION = YES;
				CLANG_WARN_COMMA = YES;
				CLANG_WARN_CONSTANT_CONVERSION = YES;
				CLANG_WARN_DEPRECATED_OBJC_IMPLEMENTATIONS = YES;
				CLANG_WARN_DIRECT_OBJC_ISA_USAGE = YES_ERROR;
				CLANG_WARN_DOCUMENTATION_COMMENTS = YES;
				CLANG_WARN_EMPTY_BODY = YES;
				CLANG_WARN_ENUM_CONVERSION = YES;
				CLANG_WARN_INFINITE_RECURSION = YES;
				CLANG_WARN_INT_CONVERSION = YES;
				CLANG_WARN_NON_LITERAL_NULL_CONVERSION = YES;
				CLANG_WARN_OBJC_IMPLICIT_RETAIN_SELF = YES;
				CLANG_WARN_OBJC_LITERAL_CONVERSION = YES;
				CLANG_WARN_OBJC_ROOT_CLASS = YES_ERROR;
				CLANG_WARN_QUOTED_INCLUDE_IN_FRAMEWORK_HEADER = YES;
				CLANG_WARN_RANGE_LOOP_ANALYSIS = YES;
				CLANG_WARN_STRICT_PROTOTYPES = YES;
				CLANG_WARN_SUSPICIOUS_MOVE = YES;
				CLANG_WARN_UNGUARDED_AVAILABILITY = YES_AGGRESSIVE;
				CLANG_WARN_UNREACHABLE_CODE = YES;
				CLANG_WARN__DUPLICATE_METHOD_MATCH = YES;
				COPY_PHASE_STRIP = NO;
				DEBUG_INFORMATION_FORMAT = "dwarf-with-dsym";
				ENABLE_NS_ASSERTIONS = NO;
				ENABLE_STRICT_OBJC_MSGSEND = YES;
				GCC_C_LANGUAGE_STANDARD = gnu11;
				GCC_NO_COMMON_BLOCKS = YES;
				GCC_WARN_64_TO_32_BIT_CONVERSION = YES;
				GCC_WARN_ABOUT_RETURN_TYPE = YES_ERROR;
				GCC_WARN_UNDECLARED_SELECTOR = YES;
				GCC_WARN_UNINITIALIZED_AUTOS = YES_AGGRESSIVE;
				GCC_WARN_UNUSED_FUNCTION = YES;
				GCC_WARN_UNUSED_VARIABLE = YES;
				IPHONEOS_DEPLOYMENT_TARGET = 14.5;
				MTL_ENABLE_DEBUG_INFO = NO;
				MTL_FAST_MATH = YES;
				SDKROOT = iphoneos;
				SWIFT_COMPILATION_MODE = wholemodule;
				SWIFT_OPTIMIZATION_LEVEL = "-O";
				VALIDATE_PRODUCT = YES;
			};
			name = Release;
		};
		553F78D0268E3B7500125497 /* Debug */ = {
			isa = XCBuildConfiguration;
			buildSettings = {
				ASSETCATALOG_COMPILER_APPICON_NAME = AppIcon;
				ASSETCATALOG_COMPILER_GLOBAL_ACCENT_COLOR_NAME = AccentColor;
				CLANG_ENABLE_MODULES = YES;
				CODE_SIGN_STYLE = Automatic;
				DEVELOPMENT_TEAM = 4G77XBGN25;
				INFOPLIST_FILE = "Web Consuming/Info.plist";
				LD_RUNPATH_SEARCH_PATHS = (
					"$(inherited)",
					"@executable_path/Frameworks",
				);
				PRODUCT_BUNDLE_IDENTIFIER = "com.obj-c";
				PRODUCT_NAME = "$(TARGET_NAME)";
				SWIFT_OBJC_BRIDGING_HEADER = "Web Consuming/Legacy/Web Consuming-Bridging-Header.h";
				SWIFT_OPTIMIZATION_LEVEL = "-Onone";
				SWIFT_VERSION = 5.0;
				TARGETED_DEVICE_FAMILY = "1,2";
			};
			name = Debug;
		};
		553F78D1268E3B7500125497 /* Release */ = {
			isa = XCBuildConfiguration;
			buildSettings = {
				ASSETCATALOG_COMPILER_APPICON_NAME = AppIcon;
				ASSETCATALOG_COMPILER_GLOBAL_ACCENT_COLOR_NAME = AccentColor;
				CLANG_ENABLE_MODULES = YES;
				CODE_SIGN_STYLE = Automatic;
				DEVELOPMENT_TEAM = 4G77XBGN25;
				INFOPLIST_FILE = "Web Consuming/Info.plist";
				LD_RUNPATH_SEARCH_PATHS = (
					"$(inherited)",
					"@executable_path/Frameworks",
				);
				PRODUCT_BUNDLE_IDENTIFIER = "com.obj-c";
				PRODUCT_NAME = "$(TARGET_NAME)";
				SWIFT_OBJC_BRIDGING_HEADER = "Web Consuming/Legacy/Web Consuming-Bridging-Header.h";
				SWIFT_VERSION = 5.0;
				TARGETED_DEVICE_FAMILY = "1,2";
			};
			name = Release;
		};
/* End XCBuildConfiguration section */

/* Begin XCConfigurationList section */
		553F78B6268E3B7400125497 /* Build configuration list for PBXProject "Web Consuming" */ = {
			isa = XCConfigurationList;
			buildConfigurations = (
				553F78CD268E3B7500125497 /* Debug */,
				553F78CE268E3B7500125497 /* Release */,
			);
			defaultConfigurationIsVisible = 0;
			defaultConfigurationName = Release;
		};
		553F78CF268E3B7500125497 /* Build configuration list for PBXNativeTarget "Web Consuming" */ = {
			isa = XCConfigurationList;
			buildConfigurations = (
				553F78D0268E3B7500125497 /* Debug */,
				553F78D1268E3B7500125497 /* Release */,
			);
			defaultConfigurationIsVisible = 0;
			defaultConfigurationName = Release;
		};
/* End XCConfigurationList section */
	};
	rootObject = 553F78B3268E3B7400125497 /* Project object */;
}
